
Microsoft Visual Studio Solution File, Format Version 12.00
# Visual Studio Version 16
VisualStudioVersion = 16.0.31105.61
MinimumVisualStudioVersion = 10.0.40219.1
Project("{FAE04EC0-301F-11D3-BF4B-00C04F79EFBC}") = "Lab_11_3_Coffee_Registration", "Lab_11_3_Coffee_Registration\Lab_11_3_Coffee_Registration.csproj", "{08A77271-DE67-48C7-A9EA-3E987C3DF73A}"
EndProject
Global
	GlobalSection(SolutionConfigurationPlatforms) = preSolution
		Debug|Any CPU = Debug|Any CPU
		Release|Any CPU = Release|Any CPU
	EndGlobalSection
	GlobalSection(ProjectConfigurationPlatforms) = postSolution
		{08A77271-DE67-48C7-A9EA-3E987C3DF73A}.Debug|Any CPU.ActiveCfg = Debug|Any CPU
		{08A77271-DE67-48C7-A9EA-3E987C3DF73A}.Debug|Any CPU.Build.0 = Debug|Any CPU
		{08A77271-DE67-48C7-A9EA-3E987C3DF73A}.Release|Any CPU.ActiveCfg = Release|Any CPU
		{08A77271-DE67-48C7-A9EA-3E987C3DF73A}.Release|Any CPU.Build.0 = Release|Any CPU
	EndGlobalSection
	GlobalSection(SolutionProperties) = preSolution
		HideSolutionNode = FALSE
	EndGlobalSection
	GlobalSection(ExtensibilityGlobals) = postSolution
		SolutionGuid = {6514CFCE-25D4-4E3A-BF0D-D9295B62FF45}
	EndGlobalSection
EndGlobal
